// !$*UTF8*$!
{
	archiveVersion = 1;
	classes = {
	};
	objectVersion = 50;
	objects = {

/* Begin PBXBuildFile section */
		6FAC9BCE20DF04F0000AA3C8 /* AppDelegate.swift in Sources */ = {isa = PBXBuildFile; fileRef = 6FAC9BCD20DF04F0000AA3C8 /* AppDelegate.swift */; };
		6FAC9BD020DF04F0000AA3C8 /* art.scnassets in Resources */ = {isa = PBXBuildFile; fileRef = 6FAC9BCF20DF04F0000AA3C8 /* art.scnassets */; };
		6FAC9BD220DF04F0000AA3C8 /* ViewController.swift in Sources */ = {isa = PBXBuildFile; fileRef = 6FAC9BD120DF04F0000AA3C8 /* ViewController.swift */; };
		6FAC9BD520DF04F0000AA3C8 /* Main.storyboard in Resources */ = {isa = PBXBuildFile; fileRef = 6FAC9BD320DF04F0000AA3C8 /* Main.storyboard */; };
		6FAC9BD720DF04F5000AA3C8 /* Assets.xcassets in Resources */ = {isa = PBXBuildFile; fileRef = 6FAC9BD620DF04F5000AA3C8 /* Assets.xcassets */; };
		6FAC9BDA20DF04F5000AA3C8 /* LaunchScreen.storyboard in Resources */ = {isa = PBXBuildFile; fileRef = 6FAC9BD820DF04F5000AA3C8 /* LaunchScreen.storyboard */; };
/* End PBXBuildFile section */

/* Begin PBXFileReference section */
		6FAC9BCA20DF04F0000AA3C8 /* SprayAR.app */ = {isa = PBXFileReference; explicitFileType = wrapper.application; includeInIndex = 0; path = SprayAR.app; sourceTree = BUILT_PRODUCTS_DIR; };
		6FAC9BCD20DF04F0000AA3C8 /* AppDelegate.swift */ = {isa = PBXFileReference; lastKnownFileType = sourcecode.swift; path = AppDelegate.swift; sourceTree = "<group>"; };
		6FAC9BCF20DF04F0000AA3C8 /* art.scnassets */ = {isa = PBXFileReference; lastKnownFileType = wrapper.scnassets; path = art.scnassets; sourceTree = "<group>"; };
		6FAC9BD120DF04F0000AA3C8 /* ViewController.swift */ = {isa = PBXFileReference; lastKnownFileType = sourcecode.swift; path = ViewController.swift; sourceTree = "<group>"; };
		6FAC9BD420DF04F0000AA3C8 /* Base */ = {isa = PBXFileReference; lastKnownFileType = file.storyboard; name = Base; path = Base.lproj/Main.storyboard; sourceTree = "<group>"; };
		6FAC9BD620DF04F5000AA3C8 /* Assets.xcassets */ = {isa = PBXFileReference; lastKnownFileType = folder.assetcatalog; path = Assets.xcassets; sourceTree = "<group>"; };
		6FAC9BD920DF04F5000AA3C8 /* Base */ = {isa = PBXFileReference; lastKnownFileType = file.storyboard; name = Base; path = Base.lproj/LaunchScreen.storyboard; sourceTree = "<group>"; };
		6FAC9BDB20DF04F5000AA3C8 /* Info.plist */ = {isa = PBXFileReference; lastKnownFileType = text.plist.xml; path = Info.plist; sourceTree = "<group>"; };
/* End PBXFileReference section */

/* Begin PBXFrameworksBuildPhase section */
		6FAC9BC720DF04F0000AA3C8 /* Frameworks */ = {
			isa = PBXFrameworksBuildPhase;
			buildActionMask = 2147483647;
			files = (
			);
			runOnlyForDeploymentPostprocessing = 0;
		};
/* End PBXFrameworksBuildPhase section */

/* Begin PBXGroup section */
		6FAC9BC120DF04F0000AA3C8 = {
			isa = PBXGroup;
			children = (
				6FAC9BCC20DF04F0000AA3C8 /* SprayAR */,
				6FAC9BCB20DF04F0000AA3C8 /* Products */,
			);
			sourceTree = "<group>";
		};
		6FAC9BCB20DF04F0000AA3C8 /* Products */ = {
			isa = PBXGroup;
			children = (
				6FAC9BCA20DF04F0000AA3C8 /* SprayAR.app */,
			);
			name = Products;
			sourceTree = "<group>";
		};
		6FAC9BCC20DF04F0000AA3C8 /* SprayAR */ = {
			isa = PBXGroup;
			children = (
				6FAC9BCD20DF04F0000AA3C8 /* AppDelegate.swift */,
				6FAC9BCF20DF04F0000AA3C8 /* art.scnassets */,
				6FAC9BD120DF04F0000AA3C8 /* ViewController.swift */,
				6FAC9BD320DF04F0000AA3C8 /* Main.storyboard */,
				6FAC9BD620DF04F5000AA3C8 /* Assets.xcassets */,
				6FAC9BD820DF04F5000AA3C8 /* LaunchScreen.storyboard */,
				6FAC9BDB20DF04F5000AA3C8 /* Info.plist */,
			);
			path = SprayAR;
			sourceTree = "<group>";
		};
/* End PBXGroup section */

/* Begin PBXNativeTarget section */
		6FAC9BC920DF04F0000AA3C8 /* SprayAR */ = {
			isa = PBXNativeTarget;
			buildConfigurationList = 6FAC9BDE20DF04F5000AA3C8 /* Build configuration list for PBXNativeTarget "SprayAR" */;
			buildPhases = (
				6FAC9BC620DF04F0000AA3C8 /* Sources */,
				6FAC9BC720DF04F0000AA3C8 /* Frameworks */,
				6FAC9BC820DF04F0000AA3C8 /* Resources */,
			);
			buildRules = (
			);
			dependencies = (
			);
			name = SprayAR;
			productName = SprayAR;
			productReference = 6FAC9BCA20DF04F0000AA3C8 /* SprayAR.app */;
			productType = "com.apple.product-type.application";
		};
/* End PBXNativeTarget section */

/* Begin PBXProject section */
		6FAC9BC220DF04F0000AA3C8 /* Project object */ = {
			isa = PBXProject;
			attributes = {
				LastSwiftUpdateCheck = 0940;
				LastUpgradeCheck = 0940;
				ORGANIZATIONNAME = "Ilia Stukalov";
				TargetAttributes = {
					6FAC9BC920DF04F0000AA3C8 = {
						CreatedOnToolsVersion = 9.4.1;
					};
				};
			};
			buildConfigurationList = 6FAC9BC520DF04F0000AA3C8 /* Build configuration list for PBXProject "SprayAR" */;
			compatibilityVersion = "Xcode 9.3";
			developmentRegion = en;
			hasScannedForEncodings = 0;
			knownRegions = (
				en,
				Base,
			);
			mainGroup = 6FAC9BC120DF04F0000AA3C8;
			productRefGroup = 6FAC9BCB20DF04F0000AA3C8 /* Products */;
			projectDirPath = "";
			projectRoot = "";
			targets = (
				6FAC9BC920DF04F0000AA3C8 /* SprayAR */,
			);
		};
/* End PBXProject section */

/* Begin PBXResourcesBuildPhase section */
		6FAC9BC820DF04F0000AA3C8 /* Resources */ = {
			isa = PBXResourcesBuildPhase;
			buildActionMask = 2147483647;
			files = (
				6FAC9BD020DF04F0000AA3C8 /* art.scnassets in Resources */,
				6FAC9BDA20DF04F5000AA3C8 /* LaunchScreen.storyboard in Resources */,
				6FAC9BD720DF04F5000AA3C8 /* Assets.xcassets in Resources */,
				6FAC9BD520DF04F0000AA3C8 /* Main.storyboard in Resources */,
			);
			runOnlyForDeploymentPostprocessing = 0;
		};
/* End PBXResourcesBuildPhase section */

/* Begin PBXSourcesBuildPhase section */
		6FAC9BC620DF04F0000AA3C8 /* Sources */ = {
			isa = PBXSourcesBuildPhase;
			buildActionMask = 2147483647;
			files = (
				6FAC9BD220DF04F0000AA3C8 /* ViewController.swift in Sources */,
				6FAC9BCE20DF04F0000AA3C8 /* AppDelegate.swift in Sources */,
			);
			runOnlyForDeploymentPostprocessing = 0;
		};
/* End PBXSourcesBuildPhase section */

/* Begin PBXVariantGroup section */
		6FAC9BD320DF04F0000AA3C8 /* Main.storyboard */ = {
			isa = PBXVariantGroup;
			children = (
				6FAC9BD420DF04F0000AA3C8 /* Base */,
			);
			name = Main.storyboard;
			sourceTree = "<group>";
		};
		6FAC9BD820DF04F5000AA3C8 /* LaunchScreen.storyboard */ = {
			isa = PBXVariantGroup;
			children = (
				6FAC9BD920DF04F5000AA3C8 /* Base */,
			);
			name = LaunchScreen.storyboard;
			sourceTree = "<group>";
		};
/* End PBXVariantGroup section */

/* Begin XCBuildConfiguration section */
		6FAC9BDC20DF04F5000AA3C8 /* Debug */ = {
			isa = XCBuildConfiguration;
			buildSettings = {
				ALWAYS_SEARCH_USER_PATHS = NO;
				CLANG_ANALYZER_NONNULL = YES;
				CLANG_ANALYZER_NUMBER_OBJECT_CONVERSION = YES_AGGRESSIVE;
				CLANG_CXX_LANGUAGE_STANDARD = "gnu++14";
				CLANG_CXX_LIBRARY = "libc++";
				CLANG_ENABLE_MODULES = YES;
				CLANG_ENABLE_OBJC_ARC = YES;
				CLANG_ENABLE_OBJC_WEAK = YES;
				CLANG_WARN_BLOCK_CAPTURE_AUTORELEASING = YES;
				CLANG_WARN_BOOL_CONVERSION = YES;
				CLANG_WARN_COMMA = YES;
				CLANG_WARN_CONSTANT_CONVERSION = YES;
				CLANG_WARN_DEPRECATED_OBJC_IMPLEMENTATIONS = YES;
				CLANG_WARN_DIRECT_OBJC_ISA_USAGE = YES_ERROR;
				CLANG_WARN_DOCUMENTATION_COMMENTS = YES;
				CLANG_WARN_EMPTY_BODY = YES;
				CLANG_WARN_ENUM_CONVERSION = YES;
				CLANG_WARN_INFINITE_RECURSION = YES;
				CLANG_WARN_INT_CONVERSION = YES;
				CLANG_WARN_NON_LITERAL_NULL_CONVERSION = YES;
				CLANG_WARN_OBJC_IMPLICIT_RETAIN_SELF = YES;
				CLANG_WARN_OBJC_LITERAL_CONVERSION = YES;
				CLANG_WARN_OBJC_ROOT_CLASS = YES_ERROR;
				CLANG_WARN_RANGE_LOOP_ANALYSIS = YES;
				CLANG_WARN_STRICT_PROTOTYPES = YES;
				CLANG_WARN_SUSPICIOUS_MOVE = YES;
				CLANG_WARN_UNGUARDED_AVAILABILITY = YES_AGGRESSIVE;
				CLANG_WARN_UNREACHABLE_CODE = YES;
				CLANG_WARN__DUPLICATE_METHOD_MATCH = YES;
				CODE_SIGN_IDENTITY = "iPhone Developer";
				COPY_PHASE_STRIP = NO;
				DEBUG_INFORMATION_FORMAT = dwarf;
				ENABLE_STRICT_OBJC_MSGSEND = YES;
				ENABLE_TESTABILITY = YES;
				GCC_C_LANGUAGE_STANDARD = gnu11;
				GCC_DYNAMIC_NO_PIC = NO;
				GCC_NO_COMMON_BLOCKS = YES;
				GCC_OPTIMIZATION_LEVEL = 0;
				GCC_PREPROCESSOR_DEFINITIONS = (
					"DEBUG=1",
					"$(inherited)",
				);
				GCC_WARN_64_TO_32_BIT_CONVERSION = YES;
				GCC_WARN_ABOUT_RETURN_TYPE = YES_ERROR;
				GCC_WARN_UNDECLARED_SELECTOR = YES;
				GCC_WARN_UNINITIALIZED_AUTOS = YES_AGGRESSIVE;
				GCC_WARN_UNUSED_FUNCTION = YES;
				GCC_WARN_UNUSED_VARIABLE = YES;
				IPHONEOS_DEPLOYMENT_TARGET = 11.4;
				MTL_ENABLE_DEBUG_INFO = YES;
				ONLY_ACTIVE_ARCH = YES;
				SDKROOT = iphoneos;
				SWIFT_ACTIVE_COMPILATION_CONDITIONS = DEBUG;
				SWIFT_OPTIMIZATION_LEVEL = "-Onone";
			};
			name = Debug;
		};
		6FAC9BDD20DF04F5000AA3C8 /* Release */ = {
			isa = XCBuildConfiguration;
			buildSettings = {
				ALWAYS_SEARCH_USER_PATHS = NO;
				CLANG_ANALYZER_NONNULL = YES;
				CLANG_ANALYZER_NUMBER_OBJECT_CONVERSION = YES_AGGRESSIVE;
				CLANG_CXX_LANGUAGE_STANDARD = "gnu++14";
				CLANG_CXX_LIBRARY = "libc++";
				CLANG_ENABLE_MODULES = YES;
				CLANG_ENABLE_OBJC_ARC = YES;
				CLANG_ENABLE_OBJC_WEAK = YES;
				CLANG_WARN_BLOCK_CAPTURE_AUTORELEASING = YES;
				CLANG_WARN_BOOL_CONVERSION = YES;
				CLANG_WARN_COMMA = YES;
				CLANG_WARN_CONSTANT_CONVERSION = YES;
				CLANG_WARN_DEPRECATED_OBJC_IMPLEMENTATIONS = YES;
				CLANG_WARN_DIRECT_OBJC_ISA_USAGE = YES_ERROR;
				CLANG_WARN_DOCUMENTATION_COMMENTS = YES;
				CLANG_WARN_EMPTY_BODY = YES;
				CLANG_WARN_ENUM_CONVERSION = YES;
				CLANG_WARN_INFINITE_RECURSION = YES;
				CLANG_WARN_INT_CONVERSION = YES;
				CLANG_WARN_NON_LITERAL_NULL_CONVERSION = YES;
				CLANG_WARN_OBJC_IMPLICIT_RETAIN_SELF = YES;
				CLANG_WARN_OBJC_LITERAL_CONVERSION = YES;
				CLANG_WARN_OBJC_ROOT_CLASS = YES_ERROR;
				CLANG_WARN_RANGE_LOOP_ANALYSIS = YES;
				CLANG_WARN_STRICT_PROTOTYPES = YES;
				CLANG_WARN_SUSPICIOUS_MOVE = YES;
				CLANG_WARN_UNGUARDED_AVAILABILITY = YES_AGGRESSIVE;
				CLANG_WARN_UNREACHABLE_CODE = YES;
				CLANG_WARN__DUPLICATE_METHOD_MATCH = YES;
				CODE_SIGN_IDENTITY = "iPhone Developer";
				COPY_PHASE_STRIP = NO;
				DEBUG_INFORMATION_FORMAT = "dwarf-with-dsym";
				ENABLE_NS_ASSERTIONS = NO;
				ENABLE_STRICT_OBJC_MSGSEND = YES;
				GCC_C_LANGUAGE_STANDARD = gnu11;
				GCC_NO_COMMON_BLOCKS = YES;
				GCC_WARN_64_TO_32_BIT_CONVERSION = YES;
				GCC_WARN_ABOUT_RETURN_TYPE = YES_ERROR;
				GCC_WARN_UNDECLARED_SELECTOR = YES;
				GCC_WARN_UNINITIALIZED_AUTOS = YES_AGGRESSIVE;
				GCC_WARN_UNUSED_FUNCTION = YES;
				GCC_WARN_UNUSED_VARIABLE = YES;
				IPHONEOS_DEPLOYMENT_TARGET = 11.4;
				MTL_ENABLE_DEBUG_INFO = NO;
				SDKROOT = iphoneos;
				SWIFT_COMPILATION_MODE = wholemodule;
				SWIFT_OPTIMIZATION_LEVEL = "-O";
				VALIDATE_PRODUCT = YES;
			};
			name = Release;
		};
		6FAC9BDF20DF04F5000AA3C8 /* Debug */ = {
			isa = XCBuildConfiguration;
			buildSettings = {
				ASSETCATALOG_COMPILER_APPICON_NAME = AppIcon;
				CODE_SIGN_STYLE = Automatic;
				DEVELOPMENT_TEAM = G6Q686ZQ92;
				INFOPLIST_FILE = SprayAR/Info.plist;
				LD_RUNPATH_SEARCH_PATHS = (
					"$(inherited)",
					"@executable_path/Frameworks",
				);
				PRODUCT_BUNDLE_IDENTIFIER = "RU.Ilia-Stukalov.SprayAR";
				PRODUCT_NAME = "$(TARGET_NAME)";
				SWIFT_VERSION = 4.0;
				TARGETED_DEVICE_FAMILY = "1,2";
			};
			name = Debug;
		};
		6FAC9BE020DF04F5000AA3C8 /* Release */ = {
			isa = XCBuildConfiguration;
			buildSettings = {
				ASSETCATALOG_COMPILER_APPICON_NAME = AppIcon;
				CODE_SIGN_STYLE = Automatic;
				DEVELOPMENT_TEAM = G6Q686ZQ92;
				INFOPLIST_FILE = SprayAR/Info.plist;
				LD_RUNPATH_SEARCH_PATHS = (
					"$(inherited)",
					"@executable_path/Frameworks",
				);
				PRODUCT_BUNDLE_IDENTIFIER = "RU.Ilia-Stukalov.SprayAR";
				PRODUCT_NAME = "$(TARGET_NAME)";
				SWIFT_VERSION = 4.0;
				TARGETED_DEVICE_FAMILY = "1,2";
			};
			name = Release;
		};
/* End XCBuildConfiguration section */

/* Begin XCConfigurationList section */
		6FAC9BC520DF04F0000AA3C8 /* Build configuration list for PBXProject "SprayAR" */ = {
			isa = XCConfigurationList;
			buildConfigurations = (
				6FAC9BDC20DF04F5000AA3C8 /* Debug */,
				6FAC9BDD20DF04F5000AA3C8 /* Release */,
			);
			defaultConfigurationIsVisible = 0;
			defaultConfigurationName = Release;
		};
		6FAC9BDE20DF04F5000AA3C8 /* Build configuration list for PBXNativeTarget "SprayAR" */ = {
			isa = XCConfigurationList;
			buildConfigurations = (
				6FAC9BDF20DF04F5000AA3C8 /* Debug */,
				6FAC9BE020DF04F5000AA3C8 /* Release */,
			);
			defaultConfigurationIsVisible = 0;
			defaultConfigurationName = Release;
		};
/* End XCConfigurationList section */
	};
	rootObject = 6FAC9BC220DF04F0000AA3C8 /* Project object */;
}
